Microsoft Visual Studio Solution File, Format Version 12.00
# Visual Studio Version 17
VisualStudioVersion = 17.13.35919.96
MinimumVisualStudioVersion = 10.0.40219.1
Project("{FAE04EC0-301F-11D3-BF4B-00C04F79EFBC}") = "LAB2", "LAB2\LAB2.csproj", "{B30AC903-7A60-4E72-BD20-2337C052FFA3}"
EndProject
Global
	GlobalSection(SolutionConfigurationPlatforms) = preSolution
		Debug|Any CPU = Debug|Any CPU
		Release|Any CPU = Release|Any CPU
	EndGlobalSection
	GlobalSection(ProjectConfigurationPlatforms) = postSolution
		{B30AC903-7A60-4E72-BD20-2337C052FFA3}.Debug|Any CPU.ActiveCfg = Debug|Any CPU
		{B30AC903-7A60-4E72-BD20-2337C052FFA3}.Debug|Any CPU.Build.0 = Debug|Any CPU
		{B30AC903-7A60-4E72-BD20-2337C052FFA3}.Release|Any CPU.ActiveCfg = Release|Any CPU
		{B30AC903-7A60-4E72-BD20-2337C052FFA3}.Release|Any CPU.Build.0 = Release|Any CPU
	EndGlobalSection
	GlobalSection(SolutionProperties) = preSolution
		HideSolutionNode = FALSE
	EndGlobalSection
	GlobalSection(ExtensibilityGlobals) = postSolution
		SolutionGuid = {09CCB2C3-EC5F-4ED7-855C-B331DF818667}
	EndGlobalSection
EndGlobal
